
Microsoft Visual Studio Solution File, Format Version 11.00
# Visual Studio 2010
Project("{FAE04EC0-301F-11D3-BF4B-00C04F79EFBC}") = "Stocking Game", "Assembly-CSharp.csproj", "{7C871F3C-8CD8-16AF-0C01-6588EF0CFDFB}"
EndProject
Global
	GlobalSection(SolutionConfigurationPlatforms) = preSolution
		Debug|Any CPU = Debug|Any CPU
		Release|Any CPU = Release|Any CPU
	EndGlobalSection
	GlobalSection(ProjectConfigurationPlatforms) = postSolution
		{7C871F3C-8CD8-16AF-0C01-6588EF0CFDFB}.Debug|Any CPU.ActiveCfg = Debug|Any CPU
		{7C871F3C-8CD8-16AF-0C01-6588EF0CFDFB}.Debug|Any CPU.Build.0 = Debug|Any CPU
		{7C871F3C-8CD8-16AF-0C01-6588EF0CFDFB}.Release|Any CPU.ActiveCfg = Release|Any CPU
		{7C871F3C-8CD8-16AF-0C01-6588EF0CFDFB}.Release|Any CPU.Build.0 = Release|Any CPU
	EndGlobalSection
	GlobalSection(SolutionProperties) = preSolution
		HideSolutionNode = FALSE
	EndGlobalSection
	GlobalSection(MonoDevelopProperties) = preSolution
		StartupItem = Assembly-CSharp.csproj
	EndGlobalSection
EndGlobal
